
Microsoft Visual Studio Solution File, Format Version 12.00
# Visual Studio Version 16
VisualStudioVersion = 16.0.29905.134
MinimumVisualStudioVersion = 10.0.40219.1
Project("{FAE04EC0-301F-11D3-BF4B-00C04F79EFBC}") = "ConsoleApp1", "PasswordHashingSecurity\PasswordHashingSecurity.csproj", "{8C2EF942-C126-43AD-ACAC-06EB2C8E3C2B}"
EndProject
Global
	GlobalSection(SolutionConfigurationPlatforms) = preSolution
		Debug|Any CPU = Debug|Any CPU
		Release|Any CPU = Release|Any CPU
	EndGlobalSection
	GlobalSection(ProjectConfigurationPlatforms) = postSolution
		{8C2EF942-C126-43AD-ACAC-06EB2C8E3C2B}.Debug|Any CPU.ActiveCfg = Debug|Any CPU
		{8C2EF942-C126-43AD-ACAC-06EB2C8E3C2B}.Debug|Any CPU.Build.0 = Debug|Any CPU
		{8C2EF942-C126-43AD-ACAC-06EB2C8E3C2B}.Release|Any CPU.ActiveCfg = Release|Any CPU
		{8C2EF942-C126-43AD-ACAC-06EB2C8E3C2B}.Release|Any CPU.Build.0 = Release|Any CPU
	EndGlobalSection
	GlobalSection(SolutionProperties) = preSolution
		HideSolutionNode = FALSE
	EndGlobalSection
	GlobalSection(ExtensibilityGlobals) = postSolution
		SolutionGuid = {EF49AD3A-A8EE-47BF-8B9A-1D959203B774}
	EndGlobalSection
EndGlobal
